{
  "name": "docker-node",
  "version": "1.0.0",
  "lockfileVersion": 2,
  "requires": true,
  "packages": {
    "": {
      "name": "docker-node",
      "version": "1.0.0",
      "license": "ISC",
      "dependencies": {
        "websocket": "^1.0.34"
      },
      "devDependencies": {}
    },
    "node_modules/bufferutil": {
      "version": "4.0.5",
      "resolved": "http://npmreg.qa.91jkys.com/bufferutil/-/bufferutil-4.0.5.tgz",
      "integrity": "sha1-2p6oFmkRzCdr9ne4rtLQLTH1kCg=",
      "hasInstallScript": true,
      "license": "MIT",
      "dependencies": {
        "node-gyp-build": "^4.3.0"
      },
      "engines": {
        "node": ">=6.14.2"
      }
    },
    "node_modules/d": {
      "version": "1.0.1",
      "resolved": "http://npmreg.qa.91jkys.com/d/-/d-1.0.1.tgz",
      "integrity": "sha1-hpgJU3LVjb7jRv/Qxwk/mfj561o=",
      "license": "ISC",
      "dependencies": {
        "es5-ext": "^0.10.50",
        "type": "^1.0.1"
      }
    },
    "node_modules/debug": {
      "version": "2.6.9",
      "resolved": "http://npmreg.qa.91jkys.com/debug/-/debug-2.6.9.tgz",
      "integrity": "sha1-XRKFFd8TT/Mn6QpMk/Tgd6U2NB8=",
      "license": "MIT",
      "dependencies": {
        "ms": "2.0.0"
      }
    },
    "node_modules/es5-ext": {
      "version": "0.10.53",
      "resolved": "http://npmreg.qa.91jkys.com/es5-ext/-/es5-ext-0.10.53.tgz",
      "integrity": "sha1-k8WjrP2+8nUiCtcmRK0C7hg2jeE=",
      "license": "ISC",
      "dependencies": {
        "es6-iterator": "~2.0.3",
        "es6-symbol": "~3.1.3",
        "next-tick": "~1.0.0"
      }
    },
    "node_modules/es6-iterator": {
      "version": "2.0.3",
      "resolved": "http://npmreg.qa.91jkys.com/es6-iterator/-/es6-iterator-2.0.3.tgz",
      "integrity": "sha1-p96IkUGgWpSwhUQDstCg+/qY87c=",
      "license": "MIT",
      "dependencies": {
        "d": "1",
        "es5-ext": "^0.10.35",
        "es6-symbol": "^3.1.1"
      }
    },
    "node_modules/es6-symbol": {
      "version": "3.1.3",
      "resolved": "http://npmreg.qa.91jkys.com/es6-symbol/-/es6-symbol-3.1.3.tgz",
      "integrity": "sha1-utXTwbzawoJp9MszHkMceKxwXRg=",
      "license": "ISC",
      "dependencies": {
        "d": "^1.0.1",
        "ext": "^1.1.2"
      }
    },
    "node_modules/ext": {
      "version": "1.6.0",
      "resolved": "http://npmreg.qa.91jkys.com/ext/-/ext-1.6.0.tgz",
      "integrity": "sha1-OHHVBkHodMwXLitT+RmELRnbTFI=",
      "license": "ISC",
      "dependencies": {
        "type": "^2.5.0"
      }
    },
    "node_modules/ext/node_modules/type": {
      "version": "2.5.0",
      "resolved": "http://npmreg.qa.91jkys.com/type/-/type-2.5.0.tgz",
      "integrity": "sha1-Ci54wud5B7JSq+XymMGwHGPw2z0=",
      "license": "ISC"
    },
    "node_modules/is-typedarray": {
      "version": "1.0.0",
      "resolved": "http://npmreg.qa.91jkys.com/is-typedarray/-/is-typedarray-1.0.0.tgz",
      "integrity": "sha1-5HnICFjfDBsR3dppQPlgEfzaSpo=",
      "license": "MIT"
    },
    "node_modules/ms": {
      "version": "2.0.0",
      "resolved": "http://npmreg.qa.91jkys.com/ms/-/ms-2.0.0.tgz",
      "integrity": "sha1-VgiurfwAvmwpAd9fmGF4jeDVl8g=",
      "license": "MIT"
    },
    "node_modules/next-tick": {
      "version": "1.0.0",
      "resolved": "http://npmreg.qa.91jkys.com/next-tick/-/next-tick-1.0.0.tgz",
      "integrity": "sha1-yobR/ogoFpsBICCOPchCS524NCw=",
      "license": "MIT"
    },
    "node_modules/node-gyp-build": {
      "version": "4.3.0",
      "resolved": "http://npmreg.qa.91jkys.com/node-gyp-build/-/node-gyp-build-4.3.0.tgz",
      "integrity": "sha1-nyVrA+WCYVC+Ocdkv1Hpk5RtcaM=",
      "license": "MIT",
      "bin": {
        "node-gyp-build": "bin.js",
        "node-gyp-build-optional": "optional.js",
        "node-gyp-build-test": "build-test.js"
      }
    },
    "node_modules/type": {
      "version": "1.2.0",
      "resolved": "http://npmreg.qa.91jkys.com/type/-/type-1.2.0.tgz",
      "integrity": "sha1-hI3XaY2vo+VKbEeedZxLw/GIR6A=",
      "license": "ISC"
    },
    "node_modules/typedarray-to-buffer": {
      "version": "3.1.5",
      "resolved": "http://npmreg.qa.91jkys.com/typedarray-to-buffer/-/typedarray-to-buffer-3.1.5.tgz",
      "integrity": "sha1-qX7nqf9CaRufeD/xvFES/j/KkIA=",
      "license": "MIT",
      "dependencies": {
        "is-typedarray": "^1.0.0"
      }
    },
    "node_modules/utf-8-validate": {
      "version": "5.0.7",
      "resolved": "http://npmreg.qa.91jkys.com/utf-8-validate/-/utf-8-validate-5.0.7.tgz",
      "integrity": "sha1-wVoZpq8fetnsfdxCV0fKKMNkSSI=",
      "hasInstallScript": true,
      "license": "MIT",
      "dependencies": {
        "node-gyp-build": "^4.3.0"
      },
      "engines": {
        "node": ">=6.14.2"
      }
    },
    "node_modules/websocket": {
      "version": "1.0.34",
      "resolved": "http://npmreg.qa.91jkys.com/websocket/-/websocket-1.0.34.tgz",
      "integrity": "sha1-K9wmAsCL8sgiU7cwZVwO99yrMRE=",
      "license": "Apache-2.0",
      "dependencies": {
        "bufferutil": "^4.0.1",
        "debug": "^2.2.0",
        "es5-ext": "^0.10.50",
        "typedarray-to-buffer": "^3.1.5",
        "utf-8-validate": "^5.0.2",
        "yaeti": "^0.0.6"
      },
      "engines": {
        "node": ">=4.0.0"
      }
    },
    "node_modules/yaeti": {
      "version": "0.0.6",
      "resolved": "http://npmreg.qa.91jkys.com/yaeti/-/yaeti-0.0.6.tgz",
      "integrity": "sha1-8m9ITXJoTPQr7ft2lwqhYI+/lXc=",
      "license": "MIT",
      "engines": {
        "node": ">=0.10.32"
      }
    }
  },
  "dependencies": {
    "bufferutil": {
      "version": "4.0.5",
      "resolved": "http://npmreg.qa.91jkys.com/bufferutil/-/bufferutil-4.0.5.tgz",
      "integrity": "sha1-2p6oFmkRzCdr9ne4rtLQLTH1kCg=",
      "requires": {
        "node-gyp-build": "^4.3.0"
      }
    },
    "d": {
      "version": "1.0.1",
      "resolved": "http://npmreg.qa.91jkys.com/d/-/d-1.0.1.tgz",
      "integrity": "sha1-hpgJU3LVjb7jRv/Qxwk/mfj561o=",
      "requires": {
        "es5-ext": "^0.10.50",
        "type": "^1.0.1"
      }
    },
    "debug": {
      "version": "2.6.9",
      "resolved": "http://npmreg.qa.91jkys.com/debug/-/debug-2.6.9.tgz",
      "integrity": "sha1-XRKFFd8TT/Mn6QpMk/Tgd6U2NB8=",
      "requires": {
        "ms": "2.0.0"
      }
    },
    "es5-ext": {
      "version": "0.10.53",
      "resolved": "http://npmreg.qa.91jkys.com/es5-ext/-/es5-ext-0.10.53.tgz",
      "integrity": "sha1-k8WjrP2+8nUiCtcmRK0C7hg2jeE=",
      "requires": {
        "es6-iterator": "~2.0.3",
        "es6-symbol": "~3.1.3",
        "next-tick": "~1.0.0"
      }
    },
    "es6-iterator": {
      "version": "2.0.3",
      "resolved": "http://npmreg.qa.91jkys.com/es6-iterator/-/es6-iterator-2.0.3.tgz",
      "integrity": "sha1-p96IkUGgWpSwhUQDstCg+/qY87c=",
      "requires": {
        "d": "1",
        "es5-ext": "^0.10.35",
        "es6-symbol": "^3.1.1"
      }
    },
    "es6-symbol": {
      "version": "3.1.3",
      "resolved": "http://npmreg.qa.91jkys.com/es6-symbol/-/es6-symbol-3.1.3.tgz",
      "integrity": "sha1-utXTwbzawoJp9MszHkMceKxwXRg=",
      "requires": {
        "d": "^1.0.1",
        "ext": "^1.1.2"
      }
    },
    "ext": {
      "version": "1.6.0",
      "resolved": "http://npmreg.qa.91jkys.com/ext/-/ext-1.6.0.tgz",
      "integrity": "sha1-OHHVBkHodMwXLitT+RmELRnbTFI=",
      "requires": {
        "type": "^2.5.0"
      },
      "dependencies": {
        "type": {
          "version": "2.5.0",
          "resolved": "http://npmreg.qa.91jkys.com/type/-/type-2.5.0.tgz",
          "integrity": "sha1-Ci54wud5B7JSq+XymMGwHGPw2z0="
        }
      }
    },
    "is-typedarray": {
      "version": "1.0.0",
      "resolved": "http://npmreg.qa.91jkys.com/is-typedarray/-/is-typedarray-1.0.0.tgz",
      "integrity": "sha1-5HnICFjfDBsR3dppQPlgEfzaSpo="
    },
    "ms": {
      "version": "2.0.0",
      "resolved": "http://npmreg.qa.91jkys.com/ms/-/ms-2.0.0.tgz",
      "integrity": "sha1-VgiurfwAvmwpAd9fmGF4jeDVl8g="
    },
    "next-tick": {
      "version": "1.0.0",
      "resolved": "http://npmreg.qa.91jkys.com/next-tick/-/next-tick-1.0.0.tgz",
      "integrity": "sha1-yobR/ogoFpsBICCOPchCS524NCw="
    },
    "node-gyp-build": {
      "version": "4.3.0",
      "resolved": "http://npmreg.qa.91jkys.com/node-gyp-build/-/node-gyp-build-4.3.0.tgz",
      "integrity": "sha1-nyVrA+WCYVC+Ocdkv1Hpk5RtcaM="
    },
    "type": {
      "version": "1.2.0",
      "resolved": "http://npmreg.qa.91jkys.com/type/-/type-1.2.0.tgz",
      "integrity": "sha1-hI3XaY2vo+VKbEeedZxLw/GIR6A="
    },
    "typedarray-to-buffer": {
      "version": "3.1.5",
      "resolved": "http://npmreg.qa.91jkys.com/typedarray-to-buffer/-/typedarray-to-buffer-3.1.5.tgz",
      "integrity": "sha1-qX7nqf9CaRufeD/xvFES/j/KkIA=",
      "requires": {
        "is-typedarray": "^1.0.0"
      }
    },
    "utf-8-validate": {
      "version": "5.0.7",
      "resolved": "http://npmreg.qa.91jkys.com/utf-8-validate/-/utf-8-validate-5.0.7.tgz",
      "integrity": "sha1-wVoZpq8fetnsfdxCV0fKKMNkSSI=",
      "requires": {
        "node-gyp-build": "^4.3.0"
      }
    },
    "websocket": {
      "version": "1.0.34",
      "resolved": "http://npmreg.qa.91jkys.com/websocket/-/websocket-1.0.34.tgz",
      "integrity": "sha1-K9wmAsCL8sgiU7cwZVwO99yrMRE=",
      "requires": {
        "bufferutil": "^4.0.1",
        "debug": "^2.2.0",
        "es5-ext": "^0.10.50",
        "typedarray-to-buffer": "^3.1.5",
        "utf-8-validate": "^5.0.2",
        "yaeti": "^0.0.6"
      }
    },
    "yaeti": {
      "version": "0.0.6",
      "resolved": "http://npmreg.qa.91jkys.com/yaeti/-/yaeti-0.0.6.tgz",
      "integrity": "sha1-8m9ITXJoTPQr7ft2lwqhYI+/lXc="
    }
  }
}
